
Microsoft Visual Studio Solution File, Format Version 12.00
# Visual Studio Version 17
VisualStudioVersion = 17.14.36310.24
MinimumVisualStudioVersion = 10.0.40219.1
Project("{FAE04EC0-301F-11D3-BF4B-00C04F79EFBC}") = "Gpt-Telegram", "Gpt-Telegram\Gpt-Telegram.csproj", "{966AC6FC-09F3-4898-B61F-7C1D8AE52429}"
EndProject
Project("{E53339B2-1760-4266-BCC7-CA923CBCF16C}") = "docker-compose", "docker-compose.dcproj", "{81DDED9D-158B-E303-5F62-77A2896D2A5A}"
EndProject
Project("{FAE04EC0-301F-11D3-BF4B-00C04F79EFBC}") = "Gpt-Telegram.Tests", "..\Gpt-Telegram.Tests\Gpt-Telegram.Tests.csproj", "{243C3A5F-94A3-4022-B994-7D8AA21FB8F0}"
EndProject
Global
	GlobalSection(SolutionConfigurationPlatforms) = preSolution
		Debug|Any CPU = Debug|Any CPU
		Release|Any CPU = Release|Any CPU
	EndGlobalSection
	GlobalSection(ProjectConfigurationPlatforms) = postSolution
		{966AC6FC-09F3-4898-B61F-7C1D8AE52429}.Debug|Any CPU.ActiveCfg = Debug|Any CPU
		{966AC6FC-09F3-4898-B61F-7C1D8AE52429}.Debug|Any CPU.Build.0 = Debug|Any CPU
		{966AC6FC-09F3-4898-B61F-7C1D8AE52429}.Release|Any CPU.ActiveCfg = Release|Any CPU
		{966AC6FC-09F3-4898-B61F-7C1D8AE52429}.Release|Any CPU.Build.0 = Release|Any CPU
		{81DDED9D-158B-E303-5F62-77A2896D2A5A}.Debug|Any CPU.ActiveCfg = Debug|Any CPU
		{81DDED9D-158B-E303-5F62-77A2896D2A5A}.Debug|Any CPU.Build.0 = Debug|Any CPU
		{81DDED9D-158B-E303-5F62-77A2896D2A5A}.Release|Any CPU.ActiveCfg = Release|Any CPU
		{81DDED9D-158B-E303-5F62-77A2896D2A5A}.Release|Any CPU.Build.0 = Release|Any CPU
		{243C3A5F-94A3-4022-B994-7D8AA21FB8F0}.Debug|Any CPU.ActiveCfg = Debug|Any CPU
		{243C3A5F-94A3-4022-B994-7D8AA21FB8F0}.Debug|Any CPU.Build.0 = Debug|Any CPU
		{243C3A5F-94A3-4022-B994-7D8AA21FB8F0}.Release|Any CPU.ActiveCfg = Release|Any CPU
		{243C3A5F-94A3-4022-B994-7D8AA21FB8F0}.Release|Any CPU.Build.0 = Release|Any CPU
	EndGlobalSection
	GlobalSection(SolutionProperties) = preSolution
		HideSolutionNode = FALSE
	EndGlobalSection
	GlobalSection(ExtensibilityGlobals) = postSolution
		SolutionGuid = {13CC5B97-726C-4FD6-A852-248B323E6126}
	EndGlobalSection
EndGlobal
